
Microsoft Visual Studio Solution File, Format Version 12.00
# Visual Studio Version 17
VisualStudioVersion = 17.2.32630.192
MinimumVisualStudioVersion = 10.0.40219.1
Project("{FAE04EC0-301F-11D3-BF4B-00C04F79EFBC}") = "Week2", "Week2\Week2.csproj", "{6CBD0EA6-2F0C-4BEE-B558-D71C6DFC9739}"
EndProject
Global
	GlobalSection(SolutionConfigurationPlatforms) = preSolution
		Debug|Any CPU = Debug|Any CPU
		Release|Any CPU = Release|Any CPU
	EndGlobalSection
	GlobalSection(ProjectConfigurationPlatforms) = postSolution
		{6CBD0EA6-2F0C-4BEE-B558-D71C6DFC9739}.Debug|Any CPU.ActiveCfg = Debug|Any CPU
		{6CBD0EA6-2F0C-4BEE-B558-D71C6DFC9739}.Debug|Any CPU.Build.0 = Debug|Any CPU
		{6CBD0EA6-2F0C-4BEE-B558-D71C6DFC9739}.Release|Any CPU.ActiveCfg = Release|Any CPU
		{6CBD0EA6-2F0C-4BEE-B558-D71C6DFC9739}.Release|Any CPU.Build.0 = Release|Any CPU
	EndGlobalSection
	GlobalSection(SolutionProperties) = preSolution
		HideSolutionNode = FALSE
	EndGlobalSection
	GlobalSection(ExtensibilityGlobals) = postSolution
		SolutionGuid = {41D2D458-8096-4DF1-BADF-65A15840E420}
	EndGlobalSection
EndGlobal
