
Microsoft Visual Studio Solution File, Format Version 12.00
# Visual Studio Version 17
VisualStudioVersion = 17.2.32630.192
MinimumVisualStudioVersion = 10.0.40219.1
Project("{9A19103F-16F7-4668-BE54-9A1E7A4F7556}") = "MethodReview", "Week2\MethodReview.csproj", "{6CBD0EA6-2F0C-4BEE-B558-D71C6DFC9739}"
EndProject
Project("{2150E333-8FDC-42A3-9474-1A3956D46DE8}") = "Solution Items", "Solution Items", "{9511B98F-211D-43E3-B302-2303F49F4805}"
	ProjectSection(SolutionItems) = preProject
		.gitignore = .gitignore
	EndProjectSection
EndProject
Project("{9A19103F-16F7-4668-BE54-9A1E7A4F7556}") = "LoopReview", "LoopReview\LoopReview.csproj", "{87B131AF-8CC0-4506-938D-742B8E9C373B}"
EndProject
Project("{9A19103F-16F7-4668-BE54-9A1E7A4F7556}") = "ArrayDemo", "ArrayDemo\ArrayDemo.csproj", "{34BB5945-8469-4DBC-BC3B-6114C503AF2D}"
EndProject
Project("{9A19103F-16F7-4668-BE54-9A1E7A4F7556}") = "ArrayDemo2", "ArrayDemo2\ArrayDemo2.csproj", "{A6787ED4-55D3-4137-BF91-74BAA64474FD}"
EndProject
Project("{9A19103F-16F7-4668-BE54-9A1E7A4F7556}") = "MoreWhiles", "MoreWhiles\MoreWhiles.csproj", "{55B5399C-1A30-46DA-A336-993DB520D028}"
EndProject
Project("{9A19103F-16F7-4668-BE54-9A1E7A4F7556}") = "MoreWhiles2", "MoreWhiles2\MoreWhiles2.csproj", "{848EB7E8-87DC-4783-B7DE-25150C9E1130}"
EndProject
Project("{9A19103F-16F7-4668-BE54-9A1E7A4F7556}") = "KeepGoing", "KeepGoing\KeepGoing.csproj", "{B941B125-256F-4697-B690-A8354AA9096A}"
EndProject
Project("{FAE04EC0-301F-11D3-BF4B-00C04F79EFBC}") = "StudentDatabase", "ShoppingList\StudentDatabase.csproj", "{65B5950F-C09E-4C7A-9878-D07A414219BC}"
EndProject
Project("{9A19103F-16F7-4668-BE54-9A1E7A4F7556}") = "ListDemo", "ListDemo\ListDemo.csproj", "{16B06C35-97D7-44E9-889D-D48FBD7F4F46}"
EndProject
Project("{9A19103F-16F7-4668-BE54-9A1E7A4F7556}") = "DictionaryDemo", "DictionaryDemo\DictionaryDemo.csproj", "{15B4D8C2-4B78-441C-8CE0-6E973FC40B9B}"
EndProject
Project("{9A19103F-16F7-4668-BE54-9A1E7A4F7556}") = "DictionaryDemo2", "DictionaryDemo2\DictionaryDemo2.csproj", "{330207E0-5A71-401F-B49C-0D263D9F4A2C}"
EndProject
Project("{9A19103F-16F7-4668-BE54-9A1E7A4F7556}") = "DictionaryDemo3", "DictionaryDemo3\DictionaryDemo3.csproj", "{9EECF3FE-85FD-4508-B733-9EDF344D9FAC}"
EndProject
Project("{9A19103F-16F7-4668-BE54-9A1E7A4F7556}") = "ShoppingList", "ShoppingList\ShoppingList.csproj", "{72621881-D7C0-4FA3-A43B-5514074BE9D4}"
EndProject
Project("{9A19103F-16F7-4668-BE54-9A1E7A4F7556}") = "LoopPractice", "LoopPractice\LoopPractice.csproj", "{BF12E595-C581-4C18-8CF8-C76C15288DEA}"
EndProject
Project("{9A19103F-16F7-4668-BE54-9A1E7A4F7556}") = "OverloadingDemo", "OverloadingDemo\OverloadingDemo.csproj", "{A8096177-61BE-4B0D-A5C9-96C5F7E783DA}"
EndProject
Project("{9A19103F-16F7-4668-BE54-9A1E7A4F7556}") = "StringPractice", "StringPractice\StringPractice.csproj", "{B651EE3F-96E9-486A-9AB2-081D44F56894}"
EndProject
Project("{9A19103F-16F7-4668-BE54-9A1E7A4F7556}") = "StackDemo", "StackDemo\StackDemo.csproj", "{A3A95D31-8D93-4D3A-AD03-98829A0189FF}"
EndProject
Project("{FAE04EC0-301F-11D3-BF4B-00C04F79EFBC}") = "StringReversal", "StringReversal\StringReversal.csproj", "{8AAFB81F-DB70-4B92-835B-D6EB1FBCE19D}"
EndProject
Global
	GlobalSection(SolutionConfigurationPlatforms) = preSolution
		Debug|Any CPU = Debug|Any CPU
		Release|Any CPU = Release|Any CPU
	EndGlobalSection
	GlobalSection(ProjectConfigurationPlatforms) = postSolution
		{6CBD0EA6-2F0C-4BEE-B558-D71C6DFC9739}.Debug|Any CPU.ActiveCfg = Debug|Any CPU
		{6CBD0EA6-2F0C-4BEE-B558-D71C6DFC9739}.Debug|Any CPU.Build.0 = Debug|Any CPU
		{6CBD0EA6-2F0C-4BEE-B558-D71C6DFC9739}.Release|Any CPU.ActiveCfg = Release|Any CPU
		{6CBD0EA6-2F0C-4BEE-B558-D71C6DFC9739}.Release|Any CPU.Build.0 = Release|Any CPU
		{87B131AF-8CC0-4506-938D-742B8E9C373B}.Debug|Any CPU.ActiveCfg = Debug|Any CPU
		{87B131AF-8CC0-4506-938D-742B8E9C373B}.Debug|Any CPU.Build.0 = Debug|Any CPU
		{87B131AF-8CC0-4506-938D-742B8E9C373B}.Release|Any CPU.ActiveCfg = Release|Any CPU
		{87B131AF-8CC0-4506-938D-742B8E9C373B}.Release|Any CPU.Build.0 = Release|Any CPU
		{34BB5945-8469-4DBC-BC3B-6114C503AF2D}.Debug|Any CPU.ActiveCfg = Debug|Any CPU
		{34BB5945-8469-4DBC-BC3B-6114C503AF2D}.Debug|Any CPU.Build.0 = Debug|Any CPU
		{34BB5945-8469-4DBC-BC3B-6114C503AF2D}.Release|Any CPU.ActiveCfg = Release|Any CPU
		{34BB5945-8469-4DBC-BC3B-6114C503AF2D}.Release|Any CPU.Build.0 = Release|Any CPU
		{A6787ED4-55D3-4137-BF91-74BAA64474FD}.Debug|Any CPU.ActiveCfg = Debug|Any CPU
		{A6787ED4-55D3-4137-BF91-74BAA64474FD}.Debug|Any CPU.Build.0 = Debug|Any CPU
		{A6787ED4-55D3-4137-BF91-74BAA64474FD}.Release|Any CPU.ActiveCfg = Release|Any CPU
		{A6787ED4-55D3-4137-BF91-74BAA64474FD}.Release|Any CPU.Build.0 = Release|Any CPU
		{55B5399C-1A30-46DA-A336-993DB520D028}.Debug|Any CPU.ActiveCfg = Debug|Any CPU
		{55B5399C-1A30-46DA-A336-993DB520D028}.Debug|Any CPU.Build.0 = Debug|Any CPU
		{55B5399C-1A30-46DA-A336-993DB520D028}.Release|Any CPU.ActiveCfg = Release|Any CPU
		{55B5399C-1A30-46DA-A336-993DB520D028}.Release|Any CPU.Build.0 = Release|Any CPU
		{848EB7E8-87DC-4783-B7DE-25150C9E1130}.Debug|Any CPU.ActiveCfg = Debug|Any CPU
		{848EB7E8-87DC-4783-B7DE-25150C9E1130}.Debug|Any CPU.Build.0 = Debug|Any CPU
		{848EB7E8-87DC-4783-B7DE-25150C9E1130}.Release|Any CPU.ActiveCfg = Release|Any CPU
		{848EB7E8-87DC-4783-B7DE-25150C9E1130}.Release|Any CPU.Build.0 = Release|Any CPU
		{B941B125-256F-4697-B690-A8354AA9096A}.Debug|Any CPU.ActiveCfg = Debug|Any CPU
		{B941B125-256F-4697-B690-A8354AA9096A}.Debug|Any CPU.Build.0 = Debug|Any CPU
		{B941B125-256F-4697-B690-A8354AA9096A}.Release|Any CPU.ActiveCfg = Release|Any CPU
		{B941B125-256F-4697-B690-A8354AA9096A}.Release|Any CPU.Build.0 = Release|Any CPU
		{65B5950F-C09E-4C7A-9878-D07A414219BC}.Debug|Any CPU.ActiveCfg = Debug|Any CPU
		{65B5950F-C09E-4C7A-9878-D07A414219BC}.Debug|Any CPU.Build.0 = Debug|Any CPU
		{65B5950F-C09E-4C7A-9878-D07A414219BC}.Release|Any CPU.ActiveCfg = Release|Any CPU
		{65B5950F-C09E-4C7A-9878-D07A414219BC}.Release|Any CPU.Build.0 = Release|Any CPU
		{16B06C35-97D7-44E9-889D-D48FBD7F4F46}.Debug|Any CPU.ActiveCfg = Debug|Any CPU
		{16B06C35-97D7-44E9-889D-D48FBD7F4F46}.Debug|Any CPU.Build.0 = Debug|Any CPU
		{16B06C35-97D7-44E9-889D-D48FBD7F4F46}.Release|Any CPU.ActiveCfg = Release|Any CPU
		{16B06C35-97D7-44E9-889D-D48FBD7F4F46}.Release|Any CPU.Build.0 = Release|Any CPU
		{15B4D8C2-4B78-441C-8CE0-6E973FC40B9B}.Debug|Any CPU.ActiveCfg = Debug|Any CPU
		{15B4D8C2-4B78-441C-8CE0-6E973FC40B9B}.Debug|Any CPU.Build.0 = Debug|Any CPU
		{15B4D8C2-4B78-441C-8CE0-6E973FC40B9B}.Release|Any CPU.ActiveCfg = Release|Any CPU
		{15B4D8C2-4B78-441C-8CE0-6E973FC40B9B}.Release|Any CPU.Build.0 = Release|Any CPU
		{330207E0-5A71-401F-B49C-0D263D9F4A2C}.Debug|Any CPU.ActiveCfg = Debug|Any CPU
		{330207E0-5A71-401F-B49C-0D263D9F4A2C}.Debug|Any CPU.Build.0 = Debug|Any CPU
		{330207E0-5A71-401F-B49C-0D263D9F4A2C}.Release|Any CPU.ActiveCfg = Release|Any CPU
		{330207E0-5A71-401F-B49C-0D263D9F4A2C}.Release|Any CPU.Build.0 = Release|Any CPU
		{9EECF3FE-85FD-4508-B733-9EDF344D9FAC}.Debug|Any CPU.ActiveCfg = Debug|Any CPU
		{9EECF3FE-85FD-4508-B733-9EDF344D9FAC}.Debug|Any CPU.Build.0 = Debug|Any CPU
		{9EECF3FE-85FD-4508-B733-9EDF344D9FAC}.Release|Any CPU.ActiveCfg = Release|Any CPU
		{9EECF3FE-85FD-4508-B733-9EDF344D9FAC}.Release|Any CPU.Build.0 = Release|Any CPU
		{72621881-D7C0-4FA3-A43B-5514074BE9D4}.Debug|Any CPU.ActiveCfg = Debug|Any CPU
		{72621881-D7C0-4FA3-A43B-5514074BE9D4}.Debug|Any CPU.Build.0 = Debug|Any CPU
		{72621881-D7C0-4FA3-A43B-5514074BE9D4}.Release|Any CPU.ActiveCfg = Release|Any CPU
		{72621881-D7C0-4FA3-A43B-5514074BE9D4}.Release|Any CPU.Build.0 = Release|Any CPU
		{BF12E595-C581-4C18-8CF8-C76C15288DEA}.Debug|Any CPU.ActiveCfg = Debug|Any CPU
		{BF12E595-C581-4C18-8CF8-C76C15288DEA}.Debug|Any CPU.Build.0 = Debug|Any CPU
		{BF12E595-C581-4C18-8CF8-C76C15288DEA}.Release|Any CPU.ActiveCfg = Release|Any CPU
		{BF12E595-C581-4C18-8CF8-C76C15288DEA}.Release|Any CPU.Build.0 = Release|Any CPU
		{A8096177-61BE-4B0D-A5C9-96C5F7E783DA}.Debug|Any CPU.ActiveCfg = Debug|Any CPU
		{A8096177-61BE-4B0D-A5C9-96C5F7E783DA}.Debug|Any CPU.Build.0 = Debug|Any CPU
		{A8096177-61BE-4B0D-A5C9-96C5F7E783DA}.Release|Any CPU.ActiveCfg = Release|Any CPU
		{A8096177-61BE-4B0D-A5C9-96C5F7E783DA}.Release|Any CPU.Build.0 = Release|Any CPU
		{B651EE3F-96E9-486A-9AB2-081D44F56894}.Debug|Any CPU.ActiveCfg = Debug|Any CPU
		{B651EE3F-96E9-486A-9AB2-081D44F56894}.Debug|Any CPU.Build.0 = Debug|Any CPU
		{B651EE3F-96E9-486A-9AB2-081D44F56894}.Release|Any CPU.ActiveCfg = Release|Any CPU
		{B651EE3F-96E9-486A-9AB2-081D44F56894}.Release|Any CPU.Build.0 = Release|Any CPU
		{A3A95D31-8D93-4D3A-AD03-98829A0189FF}.Debug|Any CPU.ActiveCfg = Debug|Any CPU
		{A3A95D31-8D93-4D3A-AD03-98829A0189FF}.Debug|Any CPU.Build.0 = Debug|Any CPU
		{A3A95D31-8D93-4D3A-AD03-98829A0189FF}.Release|Any CPU.ActiveCfg = Release|Any CPU
		{A3A95D31-8D93-4D3A-AD03-98829A0189FF}.Release|Any CPU.Build.0 = Release|Any CPU
		{8AAFB81F-DB70-4B92-835B-D6EB1FBCE19D}.Debug|Any CPU.ActiveCfg = Debug|Any CPU
		{8AAFB81F-DB70-4B92-835B-D6EB1FBCE19D}.Debug|Any CPU.Build.0 = Debug|Any CPU
		{8AAFB81F-DB70-4B92-835B-D6EB1FBCE19D}.Release|Any CPU.ActiveCfg = Release|Any CPU
		{8AAFB81F-DB70-4B92-835B-D6EB1FBCE19D}.Release|Any CPU.Build.0 = Release|Any CPU
	EndGlobalSection
	GlobalSection(SolutionProperties) = preSolution
		HideSolutionNode = FALSE
	EndGlobalSection
	GlobalSection(NestedProjects) = preSolution
		{A8096177-61BE-4B0D-A5C9-96C5F7E783DA} = {9511B98F-211D-43E3-B302-2303F49F4805}
		{B651EE3F-96E9-486A-9AB2-081D44F56894} = {9511B98F-211D-43E3-B302-2303F49F4805}
	EndGlobalSection
	GlobalSection(ExtensibilityGlobals) = postSolution
		SolutionGuid = {41D2D458-8096-4DF1-BADF-65A15840E420}
	EndGlobalSection
EndGlobal
